
Microsoft Visual Studio Solution File, Format Version 12.00
# Visual Studio 15
VisualStudioVersion = 15.0.28307.489
MinimumVisualStudioVersion = 10.0.40219.1
Project("{FAE04EC0-301F-11D3-BF4B-00C04F79EFBC}") = "ActivityMonitor.Core", "ActivityMonitor.Core\ActivityMonitor.Core.csproj", "{A66E6A6F-F1B8-4838-9A98-AC23DCDB632D}"
EndProject
Project("{FAE04EC0-301F-11D3-BF4B-00C04F79EFBC}") = "ActivityMonitor.ViewModel", "ActivityMonitor.ViewModel\ActivityMonitor.ViewModel.csproj", "{634F8867-4796-49F0-8EFB-1E055F0C9F80}"
EndProject
Project("{FAE04EC0-301F-11D3-BF4B-00C04F79EFBC}") = "ActivityMonitor.View", "ActivityMonitor.View\ActivityMonitor.View.csproj", "{245B824F-DF04-4DAF-A787-A900D2C87CBF}"
EndProject
Global
	GlobalSection(SolutionConfigurationPlatforms) = preSolution
		Debug|Any CPU = Debug|Any CPU
		Release|Any CPU = Release|Any CPU
	EndGlobalSection
	GlobalSection(ProjectConfigurationPlatforms) = postSolution
		{A66E6A6F-F1B8-4838-9A98-AC23DCDB632D}.Debug|Any CPU.ActiveCfg = Debug|Any CPU
		{A66E6A6F-F1B8-4838-9A98-AC23DCDB632D}.Debug|Any CPU.Build.0 = Debug|Any CPU
		{A66E6A6F-F1B8-4838-9A98-AC23DCDB632D}.Release|Any CPU.ActiveCfg = Release|Any CPU
		{A66E6A6F-F1B8-4838-9A98-AC23DCDB632D}.Release|Any CPU.Build.0 = Release|Any CPU
		{634F8867-4796-49F0-8EFB-1E055F0C9F80}.Debug|Any CPU.ActiveCfg = Debug|Any CPU
		{634F8867-4796-49F0-8EFB-1E055F0C9F80}.Debug|Any CPU.Build.0 = Debug|Any CPU
		{634F8867-4796-49F0-8EFB-1E055F0C9F80}.Release|Any CPU.ActiveCfg = Release|Any CPU
		{634F8867-4796-49F0-8EFB-1E055F0C9F80}.Release|Any CPU.Build.0 = Release|Any CPU
		{245B824F-DF04-4DAF-A787-A900D2C87CBF}.Debug|Any CPU.ActiveCfg = Debug|Any CPU
		{245B824F-DF04-4DAF-A787-A900D2C87CBF}.Debug|Any CPU.Build.0 = Debug|Any CPU
		{245B824F-DF04-4DAF-A787-A900D2C87CBF}.Release|Any CPU.ActiveCfg = Release|Any CPU
		{245B824F-DF04-4DAF-A787-A900D2C87CBF}.Release|Any CPU.Build.0 = Release|Any CPU
	EndGlobalSection
	GlobalSection(SolutionProperties) = preSolution
		HideSolutionNode = FALSE
	EndGlobalSection
	GlobalSection(ExtensibilityGlobals) = postSolution
		SolutionGuid = {54124D03-925A-4B47-B886-64396853665B}
	EndGlobalSection
EndGlobal
